<?xml version="1.0" encoding="utf-8"?>
<Project ToolsVersion="4.0" xmlns="http://schemas.microsoft.com/developer/msbuild/2003">
  <ItemGroup>
    <Filter Include="Source Files">
      <UniqueIdentifier>{4FC737F1-C7A5-4376-A066-2A32D752A2FF}</UniqueIdentifier>
      <Extensions>cpp;c;cc;cxx;c++;cppm;ixx;def;odl;idl;hpj;bat;asm;asmx</Extensions>
    </Filter>
    <Filter Include="Header Files">
      <UniqueIdentifier>{93995380-89BD-4b04-88EB-625FBE52EBFB}</UniqueIdentifier>
      <Extensions>h;hh;hpp;hxx;h++;hm;inl;inc;ipp;xsd</Extensions>
    </Filter>
    <Filter Include="Resource Files">
      <UniqueIdentifier>{67DA6AB6-F800-4c08-8B7A-83BB121AAD01}</UniqueIdentifier>
      <Extensions>rc;ico;cur;bmp;dlg;rc2;rct;bin;rgs;gif;jpg;jpeg;jpe;resx;tiff;tif;png;wav;mfcribbon-ms</Extensions>
    </Filter>
    <Filter Include="Manager">
      <UniqueIdentifier>{171cf521-909f-4670-b5d3-74699d80492a}</UniqueIdentifier>
    </Filter>
    <Filter Include="Camera">
      <UniqueIdentifier>{788299d7-d6e4-4888-830b-eff97c1761ee}</UniqueIdentifier>
    </Filter>
    <Filter Include="D3D">
      <UniqueIdentifier>{922a359a-1100-4672-95ad-6f626306ce59}</UniqueIdentifier>
    </Filter>
    <Filter Include="Windows">
      <UniqueIdentifier>{ba05f0ea-ca07-4a38-940b-bb47055d7a15}</UniqueIdentifier>
    </Filter>
    <Filter Include="Game">
      <UniqueIdentifier>{37e343f0-abda-401d-99ec-72e2ab741304}</UniqueIdentifier>
    </Filter>
    <Filter Include="Engine">
      <UniqueIdentifier>{1b158eee-e34b-4fa8-9062-73cf9d3c4b20}</UniqueIdentifier>
    </Filter>
    <Filter Include="RHI">
      <UniqueIdentifier>{4f034af5-a35b-4a21-8c9e-0896bcf0a988}</UniqueIdentifier>
    </Filter>
    <Filter Include="Manager\Header">
      <UniqueIdentifier>{5fc305dd-e8c7-48a1-9255-ae7b1b819853}</UniqueIdentifier>
    </Filter>
    <Filter Include="Manager\Source">
      <UniqueIdentifier>{c2ca850e-ed6f-4312-9e6e-b40a784f945a}</UniqueIdentifier>
    </Filter>
    <Filter Include="RHI\Header">
      <UniqueIdentifier>{8d90c306-5cfd-47ff-8e74-6228f0f4fb76}</UniqueIdentifier>
    </Filter>
    <Filter Include="RHI\Source">
      <UniqueIdentifier>{116fd16c-0f4e-4524-9510-69a5ef1fc97e}</UniqueIdentifier>
    </Filter>
    <Filter Include="Rander">
      <UniqueIdentifier>{9b36c726-cc86-4094-9311-477dd5c30cb3}</UniqueIdentifier>
    </Filter>
    <Filter Include="Rander\Header">
      <UniqueIdentifier>{709aa28c-bb2f-4360-ac2f-b76dc89d2aff}</UniqueIdentifier>
    </Filter>
    <Filter Include="Rander\Source">
      <UniqueIdentifier>{99157da4-7627-4fd0-8f47-e1a35f353911}</UniqueIdentifier>
    </Filter>
  </ItemGroup>
  <ItemGroup>
    <ClCompile Include="Camera.cpp">
      <Filter>Camera</Filter>
    </ClCompile>
    <ClCompile Include="FirstPersonCamera.cpp">
      <Filter>Camera</Filter>
    </ClCompile>
    <ClCompile Include="D3DUtil.cpp">
      <Filter>D3D</Filter>
    </ClCompile>
    <ClCompile Include="DDSTextureLoader.cpp">
      <Filter>D3D</Filter>
    </ClCompile>
    <ClCompile Include="MathHelper.cpp">
      <Filter>D3D</Filter>
    </ClCompile>
    <ClCompile Include="WindowsInputBase.cpp">
      <Filter>Windows</Filter>
    </ClCompile>
    <ClCompile Include="WindowsFactory.cpp">
      <Filter>Windows</Filter>
    </ClCompile>
    <ClCompile Include="LauncherPCWindow.cpp">
      <Filter>Windows</Filter>
    </ClCompile>
    <ClCompile Include="GameTimer.cpp">
      <Filter>Game</Filter>
    </ClCompile>
    <ClCompile Include="Engine.cpp">
      <Filter>Engine</Filter>
    </ClCompile>
    <ClCompile Include="TaskManager.cpp">
      <Filter>Manager\Source</Filter>
    </ClCompile>
    <ClCompile Include="SceneManager.cpp">
      <Filter>Manager\Source</Filter>
    </ClCompile>
    <ClCompile Include="AssetManager.cpp">
      <Filter>Manager\Source</Filter>
    </ClCompile>
    <ClCompile Include="DX12RHI.cpp">
      <Filter>RHI\Source</Filter>
    </ClCompile>
    <ClCompile Include="Render.cpp">
      <Filter>Rander\Source</Filter>
    </ClCompile>
    <ClCompile Include="stdafx.cpp">
      <Filter>D3D</Filter>
    </ClCompile>
    <ClCompile Include="RHIResource.cpp">
      <Filter>RHI\Source</Filter>
    </ClCompile>
    <ClCompile Include="FTexture.cpp">
      <Filter>RHI\Source</Filter>
    </ClCompile>
    <ClCompile Include="FDynamicRHI.cpp">
      <Filter>RHI\Source</Filter>
    </ClCompile>
    <ClCompile Include="FRenderResource.cpp">
      <Filter>Rander\Source</Filter>
    </ClCompile>
    <ClCompile Include="DXRHIResource.cpp">
      <Filter>RHI\Source</Filter>
    </ClCompile>
    <ClCompile Include="FRHIFactory.cpp">
      <Filter>RHI\Source</Filter>
    </ClCompile>
    <ClCompile Include="FRenderScene.cpp">
      <Filter>Rander\Source</Filter>
    </ClCompile>
    <ClCompile Include="FShadowResource.cpp">
      <Filter>Rander\Source</Filter>
    </ClCompile>
    <ClCompile Include="ShaderManager.cpp">
      <Filter>Manager\Source</Filter>
    </ClCompile>
    <ClCompile Include="HeapManager.cpp">
      <Filter>Manager\Source</Filter>
    </ClCompile>
    <ClCompile Include="FPSO.cpp">
      <Filter>Rander\Source</Filter>
    </ClCompile>
    <ClCompile Include="MaterialManager.cpp">
      <Filter>Manager\Source</Filter>
    </ClCompile>
  </ItemGroup>
  <ItemGroup>
    <ClInclude Include="Camera.h">
      <Filter>Camera</Filter>
    </ClInclude>
    <ClInclude Include="FirstPersonCamera.h">
      <Filter>Camera</Filter>
    </ClInclude>
    <ClInclude Include="D3DUtil.h">
      <Filter>D3D</Filter>
    </ClInclude>
    <ClInclude Include="d3dx12.h">
      <Filter>D3D</Filter>
    </ClInclude>
    <ClInclude Include="DDSTextureLoader.h">
      <Filter>D3D</Filter>
    </ClInclude>
    <ClInclude Include="UploadBuffer.h">
      <Filter>D3D</Filter>
    </ClInclude>
    <ClInclude Include="MathHelper.h">
      <Filter>D3D</Filter>
    </ClInclude>
    <ClInclude Include="WindowsInputBase.h">
      <Filter>Windows</Filter>
    </ClInclude>
    <ClInclude Include="WindowBase.h">
      <Filter>Windows</Filter>
    </ClInclude>
    <ClInclude Include="WindowsFactory.h">
      <Filter>Windows</Filter>
    </ClInclude>
    <ClInclude Include="LauncherPCWindow.h">
      <Filter>Windows</Filter>
    </ClInclude>
    <ClInclude Include="GameTimer.h">
      <Filter>Game</Filter>
    </ClInclude>
    <ClInclude Include="Engine.h">
      <Filter>Engine</Filter>
    </ClInclude>
    <ClInclude Include="AssetManager.h">
      <Filter>Manager\Header</Filter>
    </ClInclude>
    <ClInclude Include="MeshProperty.h">
      <Filter>Manager\Header</Filter>
    </ClInclude>
    <ClInclude Include="SceneManager.h">
      <Filter>Manager\Header</Filter>
    </ClInclude>
    <ClInclude Include="TaskManager.h">
      <Filter>Manager\Header</Filter>
    </ClInclude>
    <ClInclude Include="FDynamicRHI.h">
      <Filter>RHI\Header</Filter>
    </ClInclude>
    <ClInclude Include="DX12RHI.h">
      <Filter>RHI\Header</Filter>
    </ClInclude>
    <ClInclude Include="Render.h">
      <Filter>Rander\Header</Filter>
    </ClInclude>
    <ClInclude Include="stdafx.h">
      <Filter>D3D</Filter>
    </ClInclude>
    <ClInclude Include="RHIResource.h">
      <Filter>RHI\Header</Filter>
    </ClInclude>
    <ClInclude Include="FTexture.h">
      <Filter>RHI\Header</Filter>
    </ClInclude>
    <ClInclude Include="FRenderResource.h">
      <Filter>Rander\Header</Filter>
    </ClInclude>
    <ClInclude Include="Buffer.h">
      <Filter>Rander\Header</Filter>
    </ClInclude>
    <ClInclude Include="DXRHIResource.h">
      <Filter>RHI\Header</Filter>
    </ClInclude>
    <ClInclude Include="FRHIFactory.h">
      <Filter>RHI\Header</Filter>
    </ClInclude>
    <ClInclude Include="FRenderScene.h">
      <Filter>Rander\Header</Filter>
    </ClInclude>
    <ClInclude Include="Material.h">
      <Filter>Rander\Header</Filter>
    </ClInclude>
    <ClInclude Include="RenderItem.h">
      <Filter>Rander\Header</Filter>
    </ClInclude>
    <ClInclude Include="FDirectionalLightProperty.h">
      <Filter>Rander\Header</Filter>
    </ClInclude>
    <ClInclude Include="FShadowResource.h">
      <Filter>Rander\Header</Filter>
    </ClInclude>
    <ClInclude Include="ShaderManager.h">
      <Filter>Manager\Header</Filter>
    </ClInclude>
    <ClInclude Include="HeapManager.h">
      <Filter>Manager\Header</Filter>
    </ClInclude>
    <ClInclude Include="FPSO.h">
      <Filter>Rander\Header</Filter>
    </ClInclude>
    <ClInclude Include="MaterialManager.h">
      <Filter>Manager\Header</Filter>
    </ClInclude>
  </ItemGroup>
  <ItemGroup>
    <None Include="Shaders\color.hlsl">
      <Filter>Resource Files</Filter>
    </None>
    <None Include="Shaders\Shadow.hlsl">
      <Filter>Resource Files</Filter>
    </None>
  </ItemGroup>
</Project>